
Microsoft Visual Studio Solution File, Format Version 12.00
# Visual Studio Version 17
VisualStudioVersion = 17.8.34330.188
MinimumVisualStudioVersion = 10.0.40219.1
Project("{FAE04EC0-301F-11D3-BF4B-00C04F79EFBC}") = "Student_System", "Student_System\Student_System.csproj", "{A3907FF3-3D33-416F-97A2-AA70B023D6DD}"
EndProject
Global
	GlobalSection(SolutionConfigurationPlatforms) = preSolution
		Debug|Any CPU = Debug|Any CPU
		Release|Any CPU = Release|Any CPU
	EndGlobalSection
	GlobalSection(ProjectConfigurationPlatforms) = postSolution
		{A3907FF3-3D33-416F-97A2-AA70B023D6DD}.Debug|Any CPU.ActiveCfg = Debug|Any CPU
		{A3907FF3-3D33-416F-97A2-AA70B023D6DD}.Debug|Any CPU.Build.0 = Debug|Any CPU
		{A3907FF3-3D33-416F-97A2-AA70B023D6DD}.Release|Any CPU.ActiveCfg = Release|Any CPU
		{A3907FF3-3D33-416F-97A2-AA70B023D6DD}.Release|Any CPU.Build.0 = Release|Any CPU
	EndGlobalSection
	GlobalSection(SolutionProperties) = preSolution
		HideSolutionNode = FALSE
	EndGlobalSection
	GlobalSection(ExtensibilityGlobals) = postSolution
		SolutionGuid = {69829DDF-745C-492D-BFF3-BFC80F4E5433}
	EndGlobalSection
EndGlobal
